
Microsoft Visual Studio Solution File, Format Version 12.00
# Visual Studio 15
VisualStudioVersion = 15.0.28307.421
MinimumVisualStudioVersion = 10.0.40219.1
Project("{8BC9CEB8-8B4A-11D0-8D11-00A0C91BC942}") = "EC2-core", "EC2-core\EC2-core.vcxproj", "{EE5C098D-8C56-4564-A458-9324E63899CF}"
EndProject
Project("{2150E333-8FDC-42A3-9474-1A3956D46DE8}") = "Solution Items", "Solution Items", "{A0E438C7-7E89-43EF-A3AB-0A155A79CC34}"
EndProject
Global
	GlobalSection(SolutionConfigurationPlatforms) = preSolution
		Debug|x64 = Debug|x64
		Debug|x86 = Debug|x86
		Release|x64 = Release|x64
		Release|x86 = Release|x86
	EndGlobalSection
	GlobalSection(ProjectConfigurationPlatforms) = postSolution
		{EE5C098D-8C56-4564-A458-9324E63899CF}.Debug|x64.ActiveCfg = Debug|x64
		{EE5C098D-8C56-4564-A458-9324E63899CF}.Debug|x64.Build.0 = Debug|x64
		{EE5C098D-8C56-4564-A458-9324E63899CF}.Debug|x86.ActiveCfg = Debug|Win32
		{EE5C098D-8C56-4564-A458-9324E63899CF}.Debug|x86.Build.0 = Debug|Win32
		{EE5C098D-8C56-4564-A458-9324E63899CF}.Release|x64.ActiveCfg = Release|x64
		{EE5C098D-8C56-4564-A458-9324E63899CF}.Release|x64.Build.0 = Release|x64
		{EE5C098D-8C56-4564-A458-9324E63899CF}.Release|x86.ActiveCfg = Release|Win32
		{EE5C098D-8C56-4564-A458-9324E63899CF}.Release|x86.Build.0 = Release|Win32
	EndGlobalSection
	GlobalSection(SolutionProperties) = preSolution
		HideSolutionNode = FALSE
	EndGlobalSection
	GlobalSection(ExtensibilityGlobals) = postSolution
		SolutionGuid = {E93AB402-7D99-43D1-92EB-02CFFA1805E4}
	EndGlobalSection
EndGlobal
