<?xml version="1.0" encoding="utf-8"?>
<Project ToolsVersion="4.0" xmlns="http://schemas.microsoft.com/developer/msbuild/2003">
  <ItemGroup>
    <Filter Include="Source Files">
      <UniqueIdentifier>{4FC737F1-C7A5-4376-A066-2A32D752A2FF}</UniqueIdentifier>
      <Extensions>cpp;c;cc;cxx;def;odl;idl;hpj;bat;asm;asmx</Extensions>
    </Filter>
    <Filter Include="Header Files">
      <UniqueIdentifier>{93995380-89BD-4b04-88EB-625FBE52EBFB}</UniqueIdentifier>
      <Extensions>h;hh;hpp;hxx;hm;inl;inc;ipp;xsd</Extensions>
    </Filter>
    <Filter Include="Resource Files">
      <UniqueIdentifier>{67DA6AB6-F800-4c08-8B7A-83BB121AAD01}</UniqueIdentifier>
      <Extensions>rc;ico;cur;bmp;dlg;rc2;rct;bin;rgs;gif;jpg;jpeg;jpe;resx;tiff;tif;png;wav;mfcribbon-ms</Extensions>
    </Filter>
  </ItemGroup>
  <ItemGroup>
    <ClCompile Include="main.cpp">
      <Filter>Source Files</Filter>
    </ClCompile>
    <ClCompile Include="src\graphics\window.cpp">
      <Filter>Source Files</Filter>
    </ClCompile>
    <ClCompile Include="src\math\vec2.cpp">
      <Filter>Source Files</Filter>
    </ClCompile>
    <ClCompile Include="src\math\vec3.cpp">
      <Filter>Source Files</Filter>
    </ClCompile>
    <ClCompile Include="src\math\vec4.cpp">
      <Filter>Source Files</Filter>
    </ClCompile>
    <ClCompile Include="src\math\mat4.cpp">
      <Filter>Source Files</Filter>
    </ClCompile>
    <ClCompile Include="src\graphics\shader.cpp">
      <Filter>Source Files</Filter>
    </ClCompile>
    <ClCompile Include="src\graphics\buffers\buffer.cpp">
      <Filter>Source Files</Filter>
    </ClCompile>
    <ClCompile Include="src\graphics\buffers\indexbuffer.cpp">
      <Filter>Source Files</Filter>
    </ClCompile>
    <ClCompile Include="src\graphics\buffers\vertexarray.cpp">
      <Filter>Source Files</Filter>
    </ClCompile>
    <ClCompile Include="src\graphics\simple2drenderer.cpp">
      <Filter>Source Files</Filter>
    </ClCompile>
    <ClCompile Include="src\graphics\batchrenderer2d.cpp">
      <Filter>Source Files</Filter>
    </ClCompile>
    <ClCompile Include="src\graphics\sprite.cpp">
      <Filter>Source Files</Filter>
    </ClCompile>
    <ClCompile Include="src\graphics\staticsprite.cpp">
      <Filter>Source Files</Filter>
    </ClCompile>
    <ClCompile Include="src\graphics\layers\layer.cpp">
      <Filter>Source Files</Filter>
    </ClCompile>
    <ClCompile Include="src\graphics\layers\tilelayer.cpp">
      <Filter>Source Files</Filter>
    </ClCompile>
    <ClCompile Include="src\graphics\layers\group.cpp">
      <Filter>Source Files</Filter>
    </ClCompile>
    <ClCompile Include="src\graphics\texture.cpp">
      <Filter>Source Files</Filter>
    </ClCompile>
    <ClCompile Include="src\graphics\label.cpp">
      <Filter>Source Files</Filter>
    </ClCompile>
    <ClCompile Include="ext\freetype-gl\platform.c">
      <Filter>Source Files</Filter>
    </ClCompile>
    <ClCompile Include="ext\freetype-gl\texture-atlas.c">
      <Filter>Source Files</Filter>
    </ClCompile>
    <ClCompile Include="ext\freetype-gl\texture-font.c">
      <Filter>Source Files</Filter>
    </ClCompile>
    <ClCompile Include="ext\freetype-gl\vector.c">
      <Filter>Source Files</Filter>
    </ClCompile>
    <ClCompile Include="src\graphics\font.cpp">
      <Filter>Source Files</Filter>
    </ClCompile>
    <ClCompile Include="src\graphics\fontManager.cpp">
      <Filter>Source Files</Filter>
    </ClCompile>
    <ClCompile Include="ext\gorilla-audio\common\gc_common.c">
      <Filter>Source Files</Filter>
    </ClCompile>
    <ClCompile Include="ext\gorilla-audio\common\gc_thread.c">
      <Filter>Source Files</Filter>
    </ClCompile>
    <ClCompile Include="ext\gorilla-audio\devices\ga_openal.c">
      <Filter>Source Files</Filter>
    </ClCompile>
    <ClCompile Include="ext\gorilla-audio\devices\ga_xaudio2.c">
      <Filter>Source Files</Filter>
    </ClCompile>
    <ClCompile Include="ext\gorilla-audio\ga.c">
      <Filter>Source Files</Filter>
    </ClCompile>
    <ClCompile Include="ext\gorilla-audio\ga_stream.c">
      <Filter>Source Files</Filter>
    </ClCompile>
    <ClCompile Include="ext\gorilla-audio\gau.c">
      <Filter>Source Files</Filter>
    </ClCompile>
    <ClCompile Include="ext\gorilla-audio\ext\libogg\src\bitwise.c">
      <Filter>Source Files</Filter>
    </ClCompile>
    <ClCompile Include="ext\gorilla-audio\ext\libogg\src\framing.c">
      <Filter>Source Files</Filter>
    </ClCompile>
    <ClCompile Include="ext\gorilla-audio\ext\libvorbis\lib\analysis.c">
      <Filter>Source Files</Filter>
    </ClCompile>
    <ClCompile Include="ext\gorilla-audio\ext\libvorbis\lib\barkmel.c">
      <Filter>Source Files</Filter>
    </ClCompile>
    <ClCompile Include="ext\gorilla-audio\ext\libvorbis\lib\bitrate.c">
      <Filter>Source Files</Filter>
    </ClCompile>
    <ClCompile Include="ext\gorilla-audio\ext\libvorbis\lib\block.c">
      <Filter>Source Files</Filter>
    </ClCompile>
    <ClCompile Include="ext\gorilla-audio\ext\libvorbis\lib\codebook.c">
      <Filter>Source Files</Filter>
    </ClCompile>
    <ClCompile Include="ext\gorilla-audio\ext\libvorbis\lib\envelope.c">
      <Filter>Source Files</Filter>
    </ClCompile>
    <ClCompile Include="ext\gorilla-audio\ext\libvorbis\lib\floor0.c">
      <Filter>Source Files</Filter>
    </ClCompile>
    <ClCompile Include="ext\gorilla-audio\ext\libvorbis\lib\floor1.c">
      <Filter>Source Files</Filter>
    </ClCompile>
    <ClCompile Include="ext\gorilla-audio\ext\libvorbis\lib\info.c">
      <Filter>Source Files</Filter>
    </ClCompile>
    <ClCompile Include="ext\gorilla-audio\ext\libvorbis\lib\lookup.c">
      <Filter>Source Files</Filter>
    </ClCompile>
    <ClCompile Include="ext\gorilla-audio\ext\libvorbis\lib\lpc.c">
      <Filter>Source Files</Filter>
    </ClCompile>
    <ClCompile Include="ext\gorilla-audio\ext\libvorbis\lib\lsp.c">
      <Filter>Source Files</Filter>
    </ClCompile>
    <ClCompile Include="ext\gorilla-audio\ext\libvorbis\lib\mapping0.c">
      <Filter>Source Files</Filter>
    </ClCompile>
    <ClCompile Include="ext\gorilla-audio\ext\libvorbis\lib\mdct.c">
      <Filter>Source Files</Filter>
    </ClCompile>
    <ClCompile Include="ext\gorilla-audio\ext\libvorbis\lib\psy.c">
      <Filter>Source Files</Filter>
    </ClCompile>
    <ClCompile Include="ext\gorilla-audio\ext\libvorbis\lib\psytune.c">
      <Filter>Source Files</Filter>
    </ClCompile>
    <ClCompile Include="ext\gorilla-audio\ext\libvorbis\lib\registry.c">
      <Filter>Source Files</Filter>
    </ClCompile>
    <ClCompile Include="ext\gorilla-audio\ext\libvorbis\lib\res0.c">
      <Filter>Source Files</Filter>
    </ClCompile>
    <ClCompile Include="ext\gorilla-audio\ext\libvorbis\lib\sharedbook.c">
      <Filter>Source Files</Filter>
    </ClCompile>
    <ClCompile Include="ext\gorilla-audio\ext\libvorbis\lib\smallft.c">
      <Filter>Source Files</Filter>
    </ClCompile>
    <ClCompile Include="ext\gorilla-audio\ext\libvorbis\lib\synthesis.c">
      <Filter>Source Files</Filter>
    </ClCompile>
    <ClCompile Include="ext\gorilla-audio\ext\libvorbis\lib\tone.c">
      <Filter>Source Files</Filter>
    </ClCompile>
    <ClCompile Include="ext\gorilla-audio\ext\libvorbis\lib\vorbisenc.c">
      <Filter>Source Files</Filter>
    </ClCompile>
    <ClCompile Include="ext\gorilla-audio\ext\libvorbis\lib\vorbisfile.c">
      <Filter>Source Files</Filter>
    </ClCompile>
    <ClCompile Include="ext\gorilla-audio\ext\libvorbis\lib\window.c">
      <Filter>Source Files</Filter>
    </ClCompile>
  </ItemGroup>
  <ItemGroup>
    <ClInclude Include="src\graphics\window.h">
      <Filter>Header Files</Filter>
    </ClInclude>
    <ClInclude Include="src\math\vec2.h">
      <Filter>Header Files</Filter>
    </ClInclude>
    <ClInclude Include="src\math\vec3.h">
      <Filter>Header Files</Filter>
    </ClInclude>
    <ClInclude Include="src\math\vec4.h">
      <Filter>Header Files</Filter>
    </ClInclude>
    <ClInclude Include="src\math\mat4.h">
      <Filter>Header Files</Filter>
    </ClInclude>
    <ClInclude Include="src\math\maths.h">
      <Filter>Header Files</Filter>
    </ClInclude>
    <ClInclude Include="src\math\maths_func.h">
      <Filter>Header Files</Filter>
    </ClInclude>
    <ClInclude Include="src\utils\fileutils.h">
      <Filter>Header Files</Filter>
    </ClInclude>
    <ClInclude Include="src\graphics\shader.h">
      <Filter>Header Files</Filter>
    </ClInclude>
    <ClInclude Include="src\graphics\buffers\buffer.h">
      <Filter>Header Files</Filter>
    </ClInclude>
    <ClInclude Include="src\graphics\buffers\indexbuffer.h">
      <Filter>Header Files</Filter>
    </ClInclude>
    <ClInclude Include="src\graphics\buffers\vertexarray.h">
      <Filter>Header Files</Filter>
    </ClInclude>
    <ClInclude Include="src\graphics\renderable2d.h">
      <Filter>Header Files</Filter>
    </ClInclude>
    <ClInclude Include="src\graphics\renderer2d.h">
      <Filter>Header Files</Filter>
    </ClInclude>
    <ClInclude Include="src\graphics\simple2drenderer.h">
      <Filter>Header Files</Filter>
    </ClInclude>
    <ClInclude Include="src\graphics\batchrenderer2d.h">
      <Filter>Header Files</Filter>
    </ClInclude>
    <ClInclude Include="src\graphics\sprite.h">
      <Filter>Header Files</Filter>
    </ClInclude>
    <ClInclude Include="src\graphics\staticsprite.h">
      <Filter>Header Files</Filter>
    </ClInclude>
    <ClInclude Include="src\utils\timer.h">
      <Filter>Header Files</Filter>
    </ClInclude>
    <ClInclude Include="src\graphics\layers\layer.h">
      <Filter>Header Files</Filter>
    </ClInclude>
    <ClInclude Include="src\graphics\layers\tilelayer.h">
      <Filter>Header Files</Filter>
    </ClInclude>
    <ClInclude Include="src\graphics\layers\group.h">
      <Filter>Header Files</Filter>
    </ClInclude>
    <ClInclude Include="src\graphics\texture.h">
      <Filter>Header Files</Filter>
    </ClInclude>
    <ClInclude Include="src\utils\ImageLoad.h">
      <Filter>Header Files</Filter>
    </ClInclude>
    <ClInclude Include="ext\freetype\include\freetype\internal\services\svmm.h">
      <Filter>Header Files</Filter>
    </ClInclude>
    <ClInclude Include="src\graphics\label.h">
      <Filter>Header Files</Filter>
    </ClInclude>
    <ClInclude Include="ext\freetype-gl\freetype-gl.h">
      <Filter>Header Files</Filter>
    </ClInclude>
    <ClInclude Include="ext\freetype-gl\opengl.h">
      <Filter>Header Files</Filter>
    </ClInclude>
    <ClInclude Include="ext\freetype-gl\platform.h">
      <Filter>Header Files</Filter>
    </ClInclude>
    <ClInclude Include="ext\freetype-gl\texture-atlas.h">
      <Filter>Header Files</Filter>
    </ClInclude>
    <ClInclude Include="ext\freetype-gl\texture-font.h">
      <Filter>Header Files</Filter>
    </ClInclude>
    <ClInclude Include="ext\freetype-gl\vec234.h">
      <Filter>Header Files</Filter>
    </ClInclude>
    <ClInclude Include="ext\freetype-gl\vector.h">
      <Filter>Header Files</Filter>
    </ClInclude>
    <ClInclude Include="src\graphics\font.h">
      <Filter>Header Files</Filter>
    </ClInclude>
    <ClInclude Include="src\graphics\fontManager.h">
      <Filter>Header Files</Filter>
    </ClInclude>
    <ClInclude Include="ext\gorilla-audio\common\gc_common.h">
      <Filter>Header Files</Filter>
    </ClInclude>
    <ClInclude Include="ext\gorilla-audio\common\gc_thread.h">
      <Filter>Header Files</Filter>
    </ClInclude>
    <ClInclude Include="ext\gorilla-audio\common\gc_types.h">
      <Filter>Header Files</Filter>
    </ClInclude>
    <ClInclude Include="ext\gorilla-audio\devices\ga_openal.h">
      <Filter>Header Files</Filter>
    </ClInclude>
    <ClInclude Include="ext\gorilla-audio\devices\ga_xaudio2.h">
      <Filter>Header Files</Filter>
    </ClInclude>
    <ClInclude Include="ext\gorilla-audio\ga.h">
      <Filter>Header Files</Filter>
    </ClInclude>
    <ClInclude Include="ext\gorilla-audio\ga_internal.h">
      <Filter>Header Files</Filter>
    </ClInclude>
    <ClInclude Include="ext\gorilla-audio\gau.h">
      <Filter>Header Files</Filter>
    </ClInclude>
    <ClInclude Include="ext\gorilla-audio\ext\libogg\include\ogg\config_types.h">
      <Filter>Header Files</Filter>
    </ClInclude>
    <ClInclude Include="ext\gorilla-audio\ext\libogg\include\ogg\ogg.h">
      <Filter>Header Files</Filter>
    </ClInclude>
    <ClInclude Include="ext\gorilla-audio\ext\libogg\include\ogg\os_types.h">
      <Filter>Header Files</Filter>
    </ClInclude>
    <ClInclude Include="ext\gorilla-audio\ext\libvorbis\include\vorbis\codec.h">
      <Filter>Header Files</Filter>
    </ClInclude>
    <ClInclude Include="ext\gorilla-audio\ext\libvorbis\include\vorbis\vorbisenc.h">
      <Filter>Header Files</Filter>
    </ClInclude>
    <ClInclude Include="ext\gorilla-audio\ext\libvorbis\include\vorbis\vorbisfile.h">
      <Filter>Header Files</Filter>
    </ClInclude>
    <ClInclude Include="ext\gorilla-audio\ext\libvorbis\lib\books\coupled\res_books_stereo.h">
      <Filter>Header Files</Filter>
    </ClInclude>
    <ClInclude Include="ext\gorilla-audio\ext\libvorbis\lib\books\floor\floor_books.h">
      <Filter>Header Files</Filter>
    </ClInclude>
    <ClInclude Include="ext\gorilla-audio\ext\libvorbis\lib\books\uncoupled\res_books_uncoupled.h">
      <Filter>Header Files</Filter>
    </ClInclude>
    <ClInclude Include="ext\gorilla-audio\ext\libvorbis\lib\modes\floor_all.h">
      <Filter>Header Files</Filter>
    </ClInclude>
    <ClInclude Include="ext\gorilla-audio\ext\libvorbis\lib\modes\psych_8.h">
      <Filter>Header Files</Filter>
    </ClInclude>
    <ClInclude Include="ext\gorilla-audio\ext\libvorbis\lib\modes\psych_11.h">
      <Filter>Header Files</Filter>
    </ClInclude>
    <ClInclude Include="ext\gorilla-audio\ext\libvorbis\lib\modes\psych_16.h">
      <Filter>Header Files</Filter>
    </ClInclude>
    <ClInclude Include="ext\gorilla-audio\ext\libvorbis\lib\modes\psych_44.h">
      <Filter>Header Files</Filter>
    </ClInclude>
    <ClInclude Include="ext\gorilla-audio\ext\libvorbis\lib\modes\residue_8.h">
      <Filter>Header Files</Filter>
    </ClInclude>
    <ClInclude Include="ext\gorilla-audio\ext\libvorbis\lib\modes\residue_16.h">
      <Filter>Header Files</Filter>
    </ClInclude>
    <ClInclude Include="ext\gorilla-audio\ext\libvorbis\lib\modes\residue_44.h">
      <Filter>Header Files</Filter>
    </ClInclude>
    <ClInclude Include="ext\gorilla-audio\ext\libvorbis\lib\modes\residue_44u.h">
      <Filter>Header Files</Filter>
    </ClInclude>
    <ClInclude Include="ext\gorilla-audio\ext\libvorbis\lib\modes\setup_8.h">
      <Filter>Header Files</Filter>
    </ClInclude>
    <ClInclude Include="ext\gorilla-audio\ext\libvorbis\lib\modes\setup_11.h">
      <Filter>Header Files</Filter>
    </ClInclude>
    <ClInclude Include="ext\gorilla-audio\ext\libvorbis\lib\modes\setup_16.h">
      <Filter>Header Files</Filter>
    </ClInclude>
    <ClInclude Include="ext\gorilla-audio\ext\libvorbis\lib\modes\setup_22.h">
      <Filter>Header Files</Filter>
    </ClInclude>
    <ClInclude Include="ext\gorilla-audio\ext\libvorbis\lib\modes\setup_32.h">
      <Filter>Header Files</Filter>
    </ClInclude>
    <ClInclude Include="ext\gorilla-audio\ext\libvorbis\lib\modes\setup_44.h">
      <Filter>Header Files</Filter>
    </ClInclude>
    <ClInclude Include="ext\gorilla-audio\ext\libvorbis\lib\modes\setup_44u.h">
      <Filter>Header Files</Filter>
    </ClInclude>
    <ClInclude Include="ext\gorilla-audio\ext\libvorbis\lib\modes\setup_X.h">
      <Filter>Header Files</Filter>
    </ClInclude>
    <ClInclude Include="ext\gorilla-audio\ext\libvorbis\lib\backends.h">
      <Filter>Header Files</Filter>
    </ClInclude>
    <ClInclude Include="ext\gorilla-audio\ext\libvorbis\lib\bitrate.h">
      <Filter>Header Files</Filter>
    </ClInclude>
    <ClInclude Include="ext\gorilla-audio\ext\libvorbis\lib\codebook.h">
      <Filter>Header Files</Filter>
    </ClInclude>
    <ClInclude Include="ext\gorilla-audio\ext\libvorbis\lib\codec_internal.h">
      <Filter>Header Files</Filter>
    </ClInclude>
    <ClInclude Include="ext\gorilla-audio\ext\libvorbis\lib\envelope.h">
      <Filter>Header Files</Filter>
    </ClInclude>
    <ClInclude Include="ext\gorilla-audio\ext\libvorbis\lib\highlevel.h">
      <Filter>Header Files</Filter>
    </ClInclude>
    <ClInclude Include="ext\gorilla-audio\ext\libvorbis\lib\lookup.h">
      <Filter>Header Files</Filter>
    </ClInclude>
    <ClInclude Include="ext\gorilla-audio\ext\libvorbis\lib\lookup_data.h">
      <Filter>Header Files</Filter>
    </ClInclude>
    <ClInclude Include="ext\gorilla-audio\ext\libvorbis\lib\lpc.h">
      <Filter>Header Files</Filter>
    </ClInclude>
    <ClInclude Include="ext\gorilla-audio\ext\libvorbis\lib\lsp.h">
      <Filter>Header Files</Filter>
    </ClInclude>
    <ClInclude Include="ext\gorilla-audio\ext\libvorbis\lib\masking.h">
      <Filter>Header Files</Filter>
    </ClInclude>
    <ClInclude Include="ext\gorilla-audio\ext\libvorbis\lib\mdct.h">
      <Filter>Header Files</Filter>
    </ClInclude>
    <ClInclude Include="ext\gorilla-audio\ext\libvorbis\lib\misc.h">
      <Filter>Header Files</Filter>
    </ClInclude>
    <ClInclude Include="ext\gorilla-audio\ext\libvorbis\lib\os.h">
      <Filter>Header Files</Filter>
    </ClInclude>
    <ClInclude Include="ext\gorilla-audio\ext\libvorbis\lib\psy.h">
      <Filter>Header Files</Filter>
    </ClInclude>
    <ClInclude Include="ext\gorilla-audio\ext\libvorbis\lib\registry.h">
      <Filter>Header Files</Filter>
    </ClInclude>
    <ClInclude Include="ext\gorilla-audio\ext\libvorbis\lib\scales.h">
      <Filter>Header Files</Filter>
    </ClInclude>
    <ClInclude Include="ext\gorilla-audio\ext\libvorbis\lib\smallft.h">
      <Filter>Header Files</Filter>
    </ClInclude>
    <ClInclude Include="ext\gorilla-audio\ext\libvorbis\lib\window.h">
      <Filter>Header Files</Filter>
    </ClInclude>
    <ClInclude Include="ext\gorilla-audio\ext\OpenAL\include\al.h">
      <Filter>Header Files</Filter>
    </ClInclude>
    <ClInclude Include="ext\gorilla-audio\ext\OpenAL\include\alc.h">
      <Filter>Header Files</Filter>
    </ClInclude>
    <ClInclude Include="ext\gorilla-audio\ext\OpenAL\include\efx.h">
      <Filter>Header Files</Filter>
    </ClInclude>
    <ClInclude Include="ext\gorilla-audio\ext\OpenAL\include\efx-creative.h">
      <Filter>Header Files</Filter>
    </ClInclude>
    <ClInclude Include="ext\gorilla-audio\ext\OpenAL\include\EFX-Util.h">
      <Filter>Header Files</Filter>
    </ClInclude>
    <ClInclude Include="ext\gorilla-audio\ext\OpenAL\include\xram.h">
      <Filter>Header Files</Filter>
    </ClInclude>
  </ItemGroup>
  <ItemGroup>
    <None Include="src\shaders\basic.vert" />
    <None Include="src\shaders\basic.frag" />
  </ItemGroup>
</Project>